// !$*UTF8*$!
{
	archiveVersion = 1;
	classes = {
	};
	objectVersion = 50;
	objects = {

/* Begin PBXBuildFile section */
		133B96E924B5F2CC00B8D65A /* MenuViewController.swift in Sources */ = {isa = PBXBuildFile; fileRef = 133B96E824B5F2CC00B8D65A /* MenuViewController.swift */; };
		133B96EC24B5FB7B00B8D65A /* MenuTableViewCell.swift in Sources */ = {isa = PBXBuildFile; fileRef = 133B96EA24B5FB7B00B8D65A /* MenuTableViewCell.swift */; };
		133B96ED24B5FB7B00B8D65A /* MenuTableViewCell.xib in Resources */ = {isa = PBXBuildFile; fileRef = 133B96EB24B5FB7B00B8D65A /* MenuTableViewCell.xib */; };
		133B96F224B72FA200B8D65A /* Order.swift in Sources */ = {isa = PBXBuildFile; fileRef = 133B96F124B72FA200B8D65A /* Order.swift */; };
		13675E6A24BEA13C00CC89BF /* Meal.json in Resources */ = {isa = PBXBuildFile; fileRef = 13675E6924BEA13B00CC89BF /* Meal.json */; };
		13675E6C24BEA16900CC89BF /* Meal.swift in Sources */ = {isa = PBXBuildFile; fileRef = 13675E6B24BEA16900CC89BF /* Meal.swift */; };
		13675E6E24C0131F00CC89BF /* DataManager.swift in Sources */ = {isa = PBXBuildFile; fileRef = 13675E6D24C0131F00CC89BF /* DataManager.swift */; };
		13D51F4224C7C9A5004F97C1 /* TableViewController.swift in Sources */ = {isa = PBXBuildFile; fileRef = 13D51F4124C7C9A5004F97C1 /* TableViewController.swift */; };
		13E2BC3C24AAFC0000E46EC1 /* AppDelegate.swift in Sources */ = {isa = PBXBuildFile; fileRef = 13E2BC3B24AAFC0000E46EC1 /* AppDelegate.swift */; };
		13E2BC3E24AAFC0000E46EC1 /* SceneDelegate.swift in Sources */ = {isa = PBXBuildFile; fileRef = 13E2BC3D24AAFC0000E46EC1 /* SceneDelegate.swift */; };
		13E2BC4024AAFC0000E46EC1 /* LoginViewController.swift in Sources */ = {isa = PBXBuildFile; fileRef = 13E2BC3F24AAFC0000E46EC1 /* LoginViewController.swift */; };
		13E2BC4324AAFC0000E46EC1 /* Main.storyboard in Resources */ = {isa = PBXBuildFile; fileRef = 13E2BC4124AAFC0000E46EC1 /* Main.storyboard */; };
		13E2BC4624AAFC0000E46EC1 /* Restaurant_iOS.xcdatamodeld in Sources */ = {isa = PBXBuildFile; fileRef = 13E2BC4424AAFC0000E46EC1 /* Restaurant_iOS.xcdatamodeld */; };
		13E2BC4824AAFC0500E46EC1 /* Assets.xcassets in Resources */ = {isa = PBXBuildFile; fileRef = 13E2BC4724AAFC0500E46EC1 /* Assets.xcassets */; };
		13E2BC4B24AAFC0500E46EC1 /* LaunchScreen.storyboard in Resources */ = {isa = PBXBuildFile; fileRef = 13E2BC4924AAFC0500E46EC1 /* LaunchScreen.storyboard */; };
		13E2BC5624AAFC0500E46EC1 /* Restaurant_iOSTests.swift in Sources */ = {isa = PBXBuildFile; fileRef = 13E2BC5524AAFC0500E46EC1 /* Restaurant_iOSTests.swift */; };
		13E2BC6124AAFC0500E46EC1 /* Restaurant_iOSUITests.swift in Sources */ = {isa = PBXBuildFile; fileRef = 13E2BC6024AAFC0500E46EC1 /* Restaurant_iOSUITests.swift */; };
/* End PBXBuildFile section */

/* Begin PBXContainerItemProxy section */
		13E2BC5224AAFC0500E46EC1 /* PBXContainerItemProxy */ = {
			isa = PBXContainerItemProxy;
			containerPortal = 13E2BC3024AAFC0000E46EC1 /* Project object */;
			proxyType = 1;
			remoteGlobalIDString = 13E2BC3724AAFC0000E46EC1;
			remoteInfo = "Restaurant-iOS";
		};
		13E2BC5D24AAFC0500E46EC1 /* PBXContainerItemProxy */ = {
			isa = PBXContainerItemProxy;
			containerPortal = 13E2BC3024AAFC0000E46EC1 /* Project object */;
			proxyType = 1;
			remoteGlobalIDString = 13E2BC3724AAFC0000E46EC1;
			remoteInfo = "Restaurant-iOS";
		};
/* End PBXContainerItemProxy section */

/* Begin PBXFileReference section */
		133B96E824B5F2CC00B8D65A /* MenuViewController.swift */ = {isa = PBXFileReference; lastKnownFileType = sourcecode.swift; path = MenuViewController.swift; sourceTree = "<group>"; };
		133B96EA24B5FB7B00B8D65A /* MenuTableViewCell.swift */ = {isa = PBXFileReference; lastKnownFileType = sourcecode.swift; path = MenuTableViewCell.swift; sourceTree = "<group>"; };
		133B96EB24B5FB7B00B8D65A /* MenuTableViewCell.xib */ = {isa = PBXFileReference; lastKnownFileType = file.xib; path = MenuTableViewCell.xib; sourceTree = "<group>"; };
		133B96F124B72FA200B8D65A /* Order.swift */ = {isa = PBXFileReference; lastKnownFileType = sourcecode.swift; path = Order.swift; sourceTree = "<group>"; };
		13675E6924BEA13B00CC89BF /* Meal.json */ = {isa = PBXFileReference; fileEncoding = 4; lastKnownFileType = text.json; path = Meal.json; sourceTree = "<group>"; };
		13675E6B24BEA16900CC89BF /* Meal.swift */ = {isa = PBXFileReference; lastKnownFileType = sourcecode.swift; path = Meal.swift; sourceTree = "<group>"; };
		13675E6D24C0131F00CC89BF /* DataManager.swift */ = {isa = PBXFileReference; lastKnownFileType = sourcecode.swift; path = DataManager.swift; sourceTree = "<group>"; };
		13D51F4124C7C9A5004F97C1 /* TableViewController.swift */ = {isa = PBXFileReference; lastKnownFileType = sourcecode.swift; path = TableViewController.swift; sourceTree = "<group>"; };
		13E2BC3824AAFC0000E46EC1 /* Restaurant-iOS.app */ = {isa = PBXFileReference; explicitFileType = wrapper.application; includeInIndex = 0; path = "Restaurant-iOS.app"; sourceTree = BUILT_PRODUCTS_DIR; };
		13E2BC3B24AAFC0000E46EC1 /* AppDelegate.swift */ = {isa = PBXFileReference; lastKnownFileType = sourcecode.swift; path = AppDelegate.swift; sourceTree = "<group>"; };
		13E2BC3D24AAFC0000E46EC1 /* SceneDelegate.swift */ = {isa = PBXFileReference; lastKnownFileType = sourcecode.swift; path = SceneDelegate.swift; sourceTree = "<group>"; };
		13E2BC3F24AAFC0000E46EC1 /* LoginViewController.swift */ = {isa = PBXFileReference; lastKnownFileType = sourcecode.swift; path = LoginViewController.swift; sourceTree = "<group>"; };
		13E2BC4224AAFC0000E46EC1 /* Base */ = {isa = PBXFileReference; lastKnownFileType = file.storyboard; name = Base; path = Base.lproj/Main.storyboard; sourceTree = "<group>"; };
		13E2BC4524AAFC0000E46EC1 /* Restaurant_iOS.xcdatamodel */ = {isa = PBXFileReference; lastKnownFileType = wrapper.xcdatamodel; path = Restaurant_iOS.xcdatamodel; sourceTree = "<group>"; };
		13E2BC4724AAFC0500E46EC1 /* Assets.xcassets */ = {isa = PBXFileReference; lastKnownFileType = folder.assetcatalog; path = Assets.xcassets; sourceTree = "<group>"; };
		13E2BC4A24AAFC0500E46EC1 /* Base */ = {isa = PBXFileReference; lastKnownFileType = file.storyboard; name = Base; path = Base.lproj/LaunchScreen.storyboard; sourceTree = "<group>"; };
		13E2BC4C24AAFC0500E46EC1 /* Info.plist */ = {isa = PBXFileReference; lastKnownFileType = text.plist.xml; path = Info.plist; sourceTree = "<group>"; };
		13E2BC5124AAFC0500E46EC1 /* Restaurant-iOSTests.xctest */ = {isa = PBXFileReference; explicitFileType = wrapper.cfbundle; includeInIndex = 0; path = "Restaurant-iOSTests.xctest"; sourceTree = BUILT_PRODUCTS_DIR; };
		13E2BC5524AAFC0500E46EC1 /* Restaurant_iOSTests.swift */ = {isa = PBXFileReference; lastKnownFileType = sourcecode.swift; path = Restaurant_iOSTests.swift; sourceTree = "<group>"; };
		13E2BC5724AAFC0500E46EC1 /* Info.plist */ = {isa = PBXFileReference; lastKnownFileType = text.plist.xml; path = Info.plist; sourceTree = "<group>"; };
		13E2BC5C24AAFC0500E46EC1 /* Restaurant-iOSUITests.xctest */ = {isa = PBXFileReference; explicitFileType = wrapper.cfbundle; includeInIndex = 0; path = "Restaurant-iOSUITests.xctest"; sourceTree = BUILT_PRODUCTS_DIR; };
		13E2BC6024AAFC0500E46EC1 /* Restaurant_iOSUITests.swift */ = {isa = PBXFileReference; lastKnownFileType = sourcecode.swift; path = Restaurant_iOSUITests.swift; sourceTree = "<group>"; };
		13E2BC6224AAFC0500E46EC1 /* Info.plist */ = {isa = PBXFileReference; lastKnownFileType = text.plist.xml; path = Info.plist; sourceTree = "<group>"; };
/* End PBXFileReference section */

/* Begin PBXFrameworksBuildPhase section */
		13E2BC3524AAFC0000E46EC1 /* Frameworks */ = {
			isa = PBXFrameworksBuildPhase;
			buildActionMask = 2147483647;
			files = (
			);
			runOnlyForDeploymentPostprocessing = 0;
		};
		13E2BC4E24AAFC0500E46EC1 /* Frameworks */ = {
			isa = PBXFrameworksBuildPhase;
			buildActionMask = 2147483647;
			files = (
			);
			runOnlyForDeploymentPostprocessing = 0;
		};
		13E2BC5924AAFC0500E46EC1 /* Frameworks */ = {
			isa = PBXFrameworksBuildPhase;
			buildActionMask = 2147483647;
			files = (
			);
			runOnlyForDeploymentPostprocessing = 0;
		};
/* End PBXFrameworksBuildPhase section */

/* Begin PBXGroup section */
		136D494524AC1C10006CE1C5 /* Model */ = {
			isa = PBXGroup;
			children = (
				13675E6924BEA13B00CC89BF /* Meal.json */,
				133B96F124B72FA200B8D65A /* Order.swift */,
				13675E6B24BEA16900CC89BF /* Meal.swift */,
				13675E6D24C0131F00CC89BF /* DataManager.swift */,
				13E2BC4424AAFC0000E46EC1 /* Restaurant_iOS.xcdatamodeld */,
			);
			path = Model;
			sourceTree = "<group>";
		};
		136D494624AC1C17006CE1C5 /* View */ = {
			isa = PBXGroup;
			children = (
				13E2BC4124AAFC0000E46EC1 /* Main.storyboard */,
				133B96EA24B5FB7B00B8D65A /* MenuTableViewCell.swift */,
				133B96EB24B5FB7B00B8D65A /* MenuTableViewCell.xib */,
			);
			path = View;
			sourceTree = "<group>";
		};
		136D494724AC1C1D006CE1C5 /* Controller */ = {
			isa = PBXGroup;
			children = (
				13E2BC3F24AAFC0000E46EC1 /* LoginViewController.swift */,
				133B96E824B5F2CC00B8D65A /* MenuViewController.swift */,
				13D51F4124C7C9A5004F97C1 /* TableViewController.swift */,
			);
			path = Controller;
			sourceTree = "<group>";
		};
		13E2BC2F24AAFC0000E46EC1 = {
			isa = PBXGroup;
			children = (
				13E2BC3A24AAFC0000E46EC1 /* Restaurant-iOS */,
				13E2BC5424AAFC0500E46EC1 /* Restaurant-iOSTests */,
				13E2BC5F24AAFC0500E46EC1 /* Restaurant-iOSUITests */,
				13E2BC3924AAFC0000E46EC1 /* Products */,
			);
			sourceTree = "<group>";
		};
		13E2BC3924AAFC0000E46EC1 /* Products */ = {
			isa = PBXGroup;
			children = (
				13E2BC3824AAFC0000E46EC1 /* Restaurant-iOS.app */,
				13E2BC5124AAFC0500E46EC1 /* Restaurant-iOSTests.xctest */,
				13E2BC5C24AAFC0500E46EC1 /* Restaurant-iOSUITests.xctest */,
			);
			name = Products;
			sourceTree = "<group>";
		};
		13E2BC3A24AAFC0000E46EC1 /* Restaurant-iOS */ = {
			isa = PBXGroup;
			children = (
				136D494524AC1C10006CE1C5 /* Model */,
				136D494624AC1C17006CE1C5 /* View */,
				136D494724AC1C1D006CE1C5 /* Controller */,
				13E2BC3B24AAFC0000E46EC1 /* AppDelegate.swift */,
				13E2BC3D24AAFC0000E46EC1 /* SceneDelegate.swift */,
				13E2BC4724AAFC0500E46EC1 /* Assets.xcassets */,
				13E2BC4924AAFC0500E46EC1 /* LaunchScreen.storyboard */,
				13E2BC4C24AAFC0500E46EC1 /* Info.plist */,
			);
			path = "Restaurant-iOS";
			sourceTree = "<group>";
		};
		13E2BC5424AAFC0500E46EC1 /* Restaurant-iOSTests */ = {
			isa = PBXGroup;
			children = (
				13E2BC5524AAFC0500E46EC1 /* Restaurant_iOSTests.swift */,
				13E2BC5724AAFC0500E46EC1 /* Info.plist */,
			);
			path = "Restaurant-iOSTests";
			sourceTree = "<group>";
		};
		13E2BC5F24AAFC0500E46EC1 /* Restaurant-iOSUITests */ = {
			isa = PBXGroup;
			children = (
				13E2BC6024AAFC0500E46EC1 /* Restaurant_iOSUITests.swift */,
				13E2BC6224AAFC0500E46EC1 /* Info.plist */,
			);
			path = "Restaurant-iOSUITests";
			sourceTree = "<group>";
		};
/* End PBXGroup section */

/* Begin PBXNativeTarget section */
		13E2BC3724AAFC0000E46EC1 /* Restaurant-iOS */ = {
			isa = PBXNativeTarget;
			buildConfigurationList = 13E2BC6524AAFC0500E46EC1 /* Build configuration list for PBXNativeTarget "Restaurant-iOS" */;
			buildPhases = (
				13E2BC3424AAFC0000E46EC1 /* Sources */,
				13E2BC3524AAFC0000E46EC1 /* Frameworks */,
				13E2BC3624AAFC0000E46EC1 /* Resources */,
			);
			buildRules = (
			);
			dependencies = (
			);
			name = "Restaurant-iOS";
			productName = "Restaurant-iOS";
			productReference = 13E2BC3824AAFC0000E46EC1 /* Restaurant-iOS.app */;
			productType = "com.apple.product-type.application";
		};
		13E2BC5024AAFC0500E46EC1 /* Restaurant-iOSTests */ = {
			isa = PBXNativeTarget;
			buildConfigurationList = 13E2BC6824AAFC0500E46EC1 /* Build configuration list for PBXNativeTarget "Restaurant-iOSTests" */;
			buildPhases = (
				13E2BC4D24AAFC0500E46EC1 /* Sources */,
				13E2BC4E24AAFC0500E46EC1 /* Frameworks */,
				13E2BC4F24AAFC0500E46EC1 /* Resources */,
			);
			buildRules = (
			);
			dependencies = (
				13E2BC5324AAFC0500E46EC1 /* PBXTargetDependency */,
			);
			name = "Restaurant-iOSTests";
			productName = "Restaurant-iOSTests";
			productReference = 13E2BC5124AAFC0500E46EC1 /* Restaurant-iOSTests.xctest */;
			productType = "com.apple.product-type.bundle.unit-test";
		};
		13E2BC5B24AAFC0500E46EC1 /* Restaurant-iOSUITests */ = {
			isa = PBXNativeTarget;
			buildConfigurationList = 13E2BC6B24AAFC0500E46EC1 /* Build configuration list for PBXNativeTarget "Restaurant-iOSUITests" */;
			buildPhases = (
				13E2BC5824AAFC0500E46EC1 /* Sources */,
				13E2BC5924AAFC0500E46EC1 /* Frameworks */,
				13E2BC5A24AAFC0500E46EC1 /* Resources */,
			);
			buildRules = (
			);
			dependencies = (
				13E2BC5E24AAFC0500E46EC1 /* PBXTargetDependency */,
			);
			name = "Restaurant-iOSUITests";
			productName = "Restaurant-iOSUITests";
			productReference = 13E2BC5C24AAFC0500E46EC1 /* Restaurant-iOSUITests.xctest */;
			productType = "com.apple.product-type.bundle.ui-testing";
		};
/* End PBXNativeTarget section */

/* Begin PBXProject section */
		13E2BC3024AAFC0000E46EC1 /* Project object */ = {
			isa = PBXProject;
			attributes = {
				LastSwiftUpdateCheck = 1150;
				LastUpgradeCheck = 1150;
				ORGANIZATIONNAME = "Viet Pham";
				TargetAttributes = {
					13E2BC3724AAFC0000E46EC1 = {
						CreatedOnToolsVersion = 11.5;
					};
					13E2BC5024AAFC0500E46EC1 = {
						CreatedOnToolsVersion = 11.5;
						TestTargetID = 13E2BC3724AAFC0000E46EC1;
					};
					13E2BC5B24AAFC0500E46EC1 = {
						CreatedOnToolsVersion = 11.5;
						TestTargetID = 13E2BC3724AAFC0000E46EC1;
					};
				};
			};
			buildConfigurationList = 13E2BC3324AAFC0000E46EC1 /* Build configuration list for PBXProject "Restaurant-iOS" */;
			compatibilityVersion = "Xcode 9.3";
			developmentRegion = en;
			hasScannedForEncodings = 0;
			knownRegions = (
				en,
				Base,
			);
			mainGroup = 13E2BC2F24AAFC0000E46EC1;
			productRefGroup = 13E2BC3924AAFC0000E46EC1 /* Products */;
			projectDirPath = "";
			projectRoot = "";
			targets = (
				13E2BC3724AAFC0000E46EC1 /* Restaurant-iOS */,
				13E2BC5024AAFC0500E46EC1 /* Restaurant-iOSTests */,
				13E2BC5B24AAFC0500E46EC1 /* Restaurant-iOSUITests */,
			);
		};
/* End PBXProject section */

/* Begin PBXResourcesBuildPhase section */
		13E2BC3624AAFC0000E46EC1 /* Resources */ = {
			isa = PBXResourcesBuildPhase;
			buildActionMask = 2147483647;
			files = (
				13E2BC4B24AAFC0500E46EC1 /* LaunchScreen.storyboard in Resources */,
				13E2BC4824AAFC0500E46EC1 /* Assets.xcassets in Resources */,
				13675E6A24BEA13C00CC89BF /* Meal.json in Resources */,
				133B96ED24B5FB7B00B8D65A /* MenuTableViewCell.xib in Resources */,
				13E2BC4324AAFC0000E46EC1 /* Main.storyboard in Resources */,
			);
			runOnlyForDeploymentPostprocessing = 0;
		};
		13E2BC4F24AAFC0500E46EC1 /* Resources */ = {
			isa = PBXResourcesBuildPhase;
			buildActionMask = 2147483647;
			files = (
			);
			runOnlyForDeploymentPostprocessing = 0;
		};
		13E2BC5A24AAFC0500E46EC1 /* Resources */ = {
			isa = PBXResourcesBuildPhase;
			buildActionMask = 2147483647;
			files = (
			);
			runOnlyForDeploymentPostprocessing = 0;
		};
/* End PBXResourcesBuildPhase section */

/* Begin PBXSourcesBuildPhase section */
		13E2BC3424AAFC0000E46EC1 /* Sources */ = {
			isa = PBXSourcesBuildPhase;
			buildActionMask = 2147483647;
			files = (
				13E2BC4024AAFC0000E46EC1 /* LoginViewController.swift in Sources */,
				133B96E924B5F2CC00B8D65A /* MenuViewController.swift in Sources */,
				133B96F224B72FA200B8D65A /* Order.swift in Sources */,
				13D51F4224C7C9A5004F97C1 /* TableViewController.swift in Sources */,
				133B96EC24B5FB7B00B8D65A /* MenuTableViewCell.swift in Sources */,
				13675E6C24BEA16900CC89BF /* Meal.swift in Sources */,
				13E2BC3C24AAFC0000E46EC1 /* AppDelegate.swift in Sources */,
				13E2BC4624AAFC0000E46EC1 /* Restaurant_iOS.xcdatamodeld in Sources */,
				13675E6E24C0131F00CC89BF /* DataManager.swift in Sources */,
				13E2BC3E24AAFC0000E46EC1 /* SceneDelegate.swift in Sources */,
			);
			runOnlyForDeploymentPostprocessing = 0;
		};
		13E2BC4D24AAFC0500E46EC1 /* Sources */ = {
			isa = PBXSourcesBuildPhase;
			buildActionMask = 2147483647;
			files = (
				13E2BC5624AAFC0500E46EC1 /* Restaurant_iOSTests.swift in Sources */,
			);
			runOnlyForDeploymentPostprocessing = 0;
		};
		13E2BC5824AAFC0500E46EC1 /* Sources */ = {
			isa = PBXSourcesBuildPhase;
			buildActionMask = 2147483647;
			files = (
				13E2BC6124AAFC0500E46EC1 /* Restaurant_iOSUITests.swift in Sources */,
			);
			runOnlyForDeploymentPostprocessing = 0;
		};
/* End PBXSourcesBuildPhase section */

/* Begin PBXTargetDependency section */
		13E2BC5324AAFC0500E46EC1 /* PBXTargetDependency */ = {
			isa = PBXTargetDependency;
			target = 13E2BC3724AAFC0000E46EC1 /* Restaurant-iOS */;
			targetProxy = 13E2BC5224AAFC0500E46EC1 /* PBXContainerItemProxy */;
		};
		13E2BC5E24AAFC0500E46EC1 /* PBXTargetDependency */ = {
			isa = PBXTargetDependency;
			target = 13E2BC3724AAFC0000E46EC1 /* Restaurant-iOS */;
			targetProxy = 13E2BC5D24AAFC0500E46EC1 /* PBXContainerItemProxy */;
		};
/* End PBXTargetDependency section */

/* Begin PBXVariantGroup section */
		13E2BC4124AAFC0000E46EC1 /* Main.storyboard */ = {
			isa = PBXVariantGroup;
			children = (
				13E2BC4224AAFC0000E46EC1 /* Base */,
			);
			name = Main.storyboard;
			sourceTree = "<group>";
		};
		13E2BC4924AAFC0500E46EC1 /* LaunchScreen.storyboard */ = {
			isa = PBXVariantGroup;
			children = (
				13E2BC4A24AAFC0500E46EC1 /* Base */,
			);
			name = LaunchScreen.storyboard;
			sourceTree = "<group>";
		};
/* End PBXVariantGroup section */

/* Begin XCBuildConfiguration section */
		13E2BC6324AAFC0500E46EC1 /* Debug */ = {
			isa = XCBuildConfiguration;
			buildSettings = {
				ALWAYS_SEARCH_USER_PATHS = NO;
				CLANG_ANALYZER_NONNULL = YES;
				CLANG_ANALYZER_NUMBER_OBJECT_CONVERSION = YES_AGGRESSIVE;
				CLANG_CXX_LANGUAGE_STANDARD = "gnu++14";
				CLANG_CXX_LIBRARY = "libc++";
				CLANG_ENABLE_MODULES = YES;
				CLANG_ENABLE_OBJC_ARC = YES;
				CLANG_ENABLE_OBJC_WEAK = YES;
				CLANG_WARN_BLOCK_CAPTURE_AUTORELEASING = YES;
				CLANG_WARN_BOOL_CONVERSION = YES;
				CLANG_WARN_COMMA = YES;
				CLANG_WARN_CONSTANT_CONVERSION = YES;
				CLANG_WARN_DEPRECATED_OBJC_IMPLEMENTATIONS = YES;
				CLANG_WARN_DIRECT_OBJC_ISA_USAGE = YES_ERROR;
				CLANG_WARN_DOCUMENTATION_COMMENTS = YES;
				CLANG_WARN_EMPTY_BODY = YES;
				CLANG_WARN_ENUM_CONVERSION = YES;
				CLANG_WARN_INFINITE_RECURSION = YES;
				CLANG_WARN_INT_CONVERSION = YES;
				CLANG_WARN_NON_LITERAL_NULL_CONVERSION = YES;
				CLANG_WARN_OBJC_IMPLICIT_RETAIN_SELF = YES;
				CLANG_WARN_OBJC_LITERAL_CONVERSION = YES;
				CLANG_WARN_OBJC_ROOT_CLASS = YES_ERROR;
				CLANG_WARN_RANGE_LOOP_ANALYSIS = YES;
				CLANG_WARN_STRICT_PROTOTYPES = YES;
				CLANG_WARN_SUSPICIOUS_MOVE = YES;
				CLANG_WARN_UNGUARDED_AVAILABILITY = YES_AGGRESSIVE;
				CLANG_WARN_UNREACHABLE_CODE = YES;
				CLANG_WARN__DUPLICATE_METHOD_MATCH = YES;
				COPY_PHASE_STRIP = NO;
				DEBUG_INFORMATION_FORMAT = dwarf;
				ENABLE_STRICT_OBJC_MSGSEND = YES;
				ENABLE_TESTABILITY = YES;
				GCC_C_LANGUAGE_STANDARD = gnu11;
				GCC_DYNAMIC_NO_PIC = NO;
				GCC_NO_COMMON_BLOCKS = YES;
				GCC_OPTIMIZATION_LEVEL = 0;
				GCC_PREPROCESSOR_DEFINITIONS = (
					"DEBUG=1",
					"$(inherited)",
				);
				GCC_WARN_64_TO_32_BIT_CONVERSION = YES;
				GCC_WARN_ABOUT_RETURN_TYPE = YES_ERROR;
				GCC_WARN_UNDECLARED_SELECTOR = YES;
				GCC_WARN_UNINITIALIZED_AUTOS = YES_AGGRESSIVE;
				GCC_WARN_UNUSED_FUNCTION = YES;
				GCC_WARN_UNUSED_VARIABLE = YES;
				IPHONEOS_DEPLOYMENT_TARGET = 13.5;
				MTL_ENABLE_DEBUG_INFO = INCLUDE_SOURCE;
				MTL_FAST_MATH = YES;
				ONLY_ACTIVE_ARCH = YES;
				SDKROOT = iphoneos;
				SWIFT_ACTIVE_COMPILATION_CONDITIONS = DEBUG;
				SWIFT_OPTIMIZATION_LEVEL = "-Onone";
			};
			name = Debug;
		};
		13E2BC6424AAFC0500E46EC1 /* Release */ = {
			isa = XCBuildConfiguration;
			buildSettings = {
				ALWAYS_SEARCH_USER_PATHS = NO;
				CLANG_ANALYZER_NONNULL = YES;
				CLANG_ANALYZER_NUMBER_OBJECT_CONVERSION = YES_AGGRESSIVE;
				CLANG_CXX_LANGUAGE_STANDARD = "gnu++14";
				CLANG_CXX_LIBRARY = "libc++";
				CLANG_ENABLE_MODULES = YES;
				CLANG_ENABLE_OBJC_ARC = YES;
				CLANG_ENABLE_OBJC_WEAK = YES;
				CLANG_WARN_BLOCK_CAPTURE_AUTORELEASING = YES;
				CLANG_WARN_BOOL_CONVERSION = YES;
				CLANG_WARN_COMMA = YES;
				CLANG_WARN_CONSTANT_CONVERSION = YES;
				CLANG_WARN_DEPRECATED_OBJC_IMPLEMENTATIONS = YES;
				CLANG_WARN_DIRECT_OBJC_ISA_USAGE = YES_ERROR;
				CLANG_WARN_DOCUMENTATION_COMMENTS = YES;
				CLANG_WARN_EMPTY_BODY = YES;
				CLANG_WARN_ENUM_CONVERSION = YES;
				CLANG_WARN_INFINITE_RECURSION = YES;
				CLANG_WARN_INT_CONVERSION = YES;
				CLANG_WARN_NON_LITERAL_NULL_CONVERSION = YES;
				CLANG_WARN_OBJC_IMPLICIT_RETAIN_SELF = YES;
				CLANG_WARN_OBJC_LITERAL_CONVERSION = YES;
				CLANG_WARN_OBJC_ROOT_CLASS = YES_ERROR;
				CLANG_WARN_RANGE_LOOP_ANALYSIS = YES;
				CLANG_WARN_STRICT_PROTOTYPES = YES;
				CLANG_WARN_SUSPICIOUS_MOVE = YES;
				CLANG_WARN_UNGUARDED_AVAILABILITY = YES_AGGRESSIVE;
				CLANG_WARN_UNREACHABLE_CODE = YES;
				CLANG_WARN__DUPLICATE_METHOD_MATCH = YES;
				COPY_PHASE_STRIP = NO;
				DEBUG_INFORMATION_FORMAT = "dwarf-with-dsym";
				ENABLE_NS_ASSERTIONS = NO;
				ENABLE_STRICT_OBJC_MSGSEND = YES;
				GCC_C_LANGUAGE_STANDARD = gnu11;
				GCC_NO_COMMON_BLOCKS = YES;
				GCC_WARN_64_TO_32_BIT_CONVERSION = YES;
				GCC_WARN_ABOUT_RETURN_TYPE = YES_ERROR;
				GCC_WARN_UNDECLARED_SELECTOR = YES;
				GCC_WARN_UNINITIALIZED_AUTOS = YES_AGGRESSIVE;
				GCC_WARN_UNUSED_FUNCTION = YES;
				GCC_WARN_UNUSED_VARIABLE = YES;
				IPHONEOS_DEPLOYMENT_TARGET = 13.5;
				MTL_ENABLE_DEBUG_INFO = NO;
				MTL_FAST_MATH = YES;
				SDKROOT = iphoneos;
				SWIFT_COMPILATION_MODE = wholemodule;
				SWIFT_OPTIMIZATION_LEVEL = "-O";
				VALIDATE_PRODUCT = YES;
			};
			name = Release;
		};
		13E2BC6624AAFC0500E46EC1 /* Debug */ = {
			isa = XCBuildConfiguration;
			buildSettings = {
				ASSETCATALOG_COMPILER_APPICON_NAME = AppIcon;
				CODE_SIGN_STYLE = Automatic;
				DEVELOPMENT_TEAM = NV37L6G59B;
				INFOPLIST_FILE = "Restaurant-iOS/Info.plist";
				LD_RUNPATH_SEARCH_PATHS = (
					"$(inherited)",
					"@executable_path/Frameworks",
				);
				PRODUCT_BUNDLE_IDENTIFIER = "com.vietpham.Restaurant-iOS";
				PRODUCT_NAME = "$(TARGET_NAME)";
				SWIFT_VERSION = 5.0;
				TARGETED_DEVICE_FAMILY = "1,2";
			};
			name = Debug;
		};
		13E2BC6724AAFC0500E46EC1 /* Release */ = {
			isa = XCBuildConfiguration;
			buildSettings = {
				ASSETCATALOG_COMPILER_APPICON_NAME = AppIcon;
				CODE_SIGN_STYLE = Automatic;
				DEVELOPMENT_TEAM = NV37L6G59B;
				INFOPLIST_FILE = "Restaurant-iOS/Info.plist";
				LD_RUNPATH_SEARCH_PATHS = (
					"$(inherited)",
					"@executable_path/Frameworks",
				);
				PRODUCT_BUNDLE_IDENTIFIER = "com.vietpham.Restaurant-iOS";
				PRODUCT_NAME = "$(TARGET_NAME)";
				SWIFT_VERSION = 5.0;
				TARGETED_DEVICE_FAMILY = "1,2";
			};
			name = Release;
		};
		13E2BC6924AAFC0500E46EC1 /* Debug */ = {
			isa = XCBuildConfiguration;
			buildSettings = {
				ALWAYS_EMBED_SWIFT_STANDARD_LIBRARIES = YES;
				BUNDLE_LOADER = "$(TEST_HOST)";
				CODE_SIGN_STYLE = Automatic;
				DEVELOPMENT_TEAM = NV37L6G59B;
				INFOPLIST_FILE = "Restaurant-iOSTests/Info.plist";
				IPHONEOS_DEPLOYMENT_TARGET = 13.5;
				LD_RUNPATH_SEARCH_PATHS = (
					"$(inherited)",
					"@executable_path/Frameworks",
					"@loader_path/Frameworks",
				);
				PRODUCT_BUNDLE_IDENTIFIER = "com.vietpham.Restaurant-iOSTests";
				PRODUCT_NAME = "$(TARGET_NAME)";
				SWIFT_VERSION = 5.0;
				TARGETED_DEVICE_FAMILY = "1,2";
				TEST_HOST = "$(BUILT_PRODUCTS_DIR)/Restaurant-iOS.app/Restaurant-iOS";
			};
			name = Debug;
		};
		13E2BC6A24AAFC0500E46EC1 /* Release */ = {
			isa = XCBuildConfiguration;
			buildSettings = {
				ALWAYS_EMBED_SWIFT_STANDARD_LIBRARIES = YES;
				BUNDLE_LOADER = "$(TEST_HOST)";
				CODE_SIGN_STYLE = Automatic;
				DEVELOPMENT_TEAM = NV37L6G59B;
				INFOPLIST_FILE = "Restaurant-iOSTests/Info.plist";
				IPHONEOS_DEPLOYMENT_TARGET = 13.5;
				LD_RUNPATH_SEARCH_PATHS = (
					"$(inherited)",
					"@executable_path/Frameworks",
					"@loader_path/Frameworks",
				);
				PRODUCT_BUNDLE_IDENTIFIER = "com.vietpham.Restaurant-iOSTests";
				PRODUCT_NAME = "$(TARGET_NAME)";
				SWIFT_VERSION = 5.0;
				TARGETED_DEVICE_FAMILY = "1,2";
				TEST_HOST = "$(BUILT_PRODUCTS_DIR)/Restaurant-iOS.app/Restaurant-iOS";
			};
			name = Release;
		};
		13E2BC6C24AAFC0500E46EC1 /* Debug */ = {
			isa = XCBuildConfiguration;
			buildSettings = {
				ALWAYS_EMBED_SWIFT_STANDARD_LIBRARIES = YES;
				CODE_SIGN_STYLE = Automatic;
				DEVELOPMENT_TEAM = NV37L6G59B;
				INFOPLIST_FILE = "Restaurant-iOSUITests/Info.plist";
				LD_RUNPATH_SEARCH_PATHS = (
					"$(inherited)",
					"@executable_path/Frameworks",
					"@loader_path/Frameworks",
				);
				PRODUCT_BUNDLE_IDENTIFIER = "com.vietpham.Restaurant-iOSUITests";
				PRODUCT_NAME = "$(TARGET_NAME)";
				SWIFT_VERSION = 5.0;
				TARGETED_DEVICE_FAMILY = "1,2";
				TEST_TARGET_NAME = "Restaurant-iOS";
			};
			name = Debug;
		};
		13E2BC6D24AAFC0500E46EC1 /* Release */ = {
			isa = XCBuildConfiguration;
			buildSettings = {
				ALWAYS_EMBED_SWIFT_STANDARD_LIBRARIES = YES;
				CODE_SIGN_STYLE = Automatic;
				DEVELOPMENT_TEAM = NV37L6G59B;
				INFOPLIST_FILE = "Restaurant-iOSUITests/Info.plist";
				LD_RUNPATH_SEARCH_PATHS = (
					"$(inherited)",
					"@executable_path/Frameworks",
					"@loader_path/Frameworks",
				);
				PRODUCT_BUNDLE_IDENTIFIER = "com.vietpham.Restaurant-iOSUITests";
				PRODUCT_NAME = "$(TARGET_NAME)";
				SWIFT_VERSION = 5.0;
				TARGETED_DEVICE_FAMILY = "1,2";
				TEST_TARGET_NAME = "Restaurant-iOS";
			};
			name = Release;
		};
/* End XCBuildConfiguration section */

/* Begin XCConfigurationList section */
		13E2BC3324AAFC0000E46EC1 /* Build configuration list for PBXProject "Restaurant-iOS" */ = {
			isa = XCConfigurationList;
			buildConfigurations = (
				13E2BC6324AAFC0500E46EC1 /* Debug */,
				13E2BC6424AAFC0500E46EC1 /* Release */,
			);
			defaultConfigurationIsVisible = 0;
			defaultConfigurationName = Release;
		};
		13E2BC6524AAFC0500E46EC1 /* Build configuration list for PBXNativeTarget "Restaurant-iOS" */ = {
			isa = XCConfigurationList;
			buildConfigurations = (
				13E2BC6624AAFC0500E46EC1 /* Debug */,
				13E2BC6724AAFC0500E46EC1 /* Release */,
			);
			defaultConfigurationIsVisible = 0;
			defaultConfigurationName = Release;
		};
		13E2BC6824AAFC0500E46EC1 /* Build configuration list for PBXNativeTarget "Restaurant-iOSTests" */ = {
			isa = XCConfigurationList;
			buildConfigurations = (
				13E2BC6924AAFC0500E46EC1 /* Debug */,
				13E2BC6A24AAFC0500E46EC1 /* Release */,
			);
			defaultConfigurationIsVisible = 0;
			defaultConfigurationName = Release;
		};
		13E2BC6B24AAFC0500E46EC1 /* Build configuration list for PBXNativeTarget "Restaurant-iOSUITests" */ = {
			isa = XCConfigurationList;
			buildConfigurations = (
				13E2BC6C24AAFC0500E46EC1 /* Debug */,
				13E2BC6D24AAFC0500E46EC1 /* Release */,
			);
			defaultConfigurationIsVisible = 0;
			defaultConfigurationName = Release;
		};
/* End XCConfigurationList section */

/* Begin XCVersionGroup section */
		13E2BC4424AAFC0000E46EC1 /* Restaurant_iOS.xcdatamodeld */ = {
			isa = XCVersionGroup;
			children = (
				13E2BC4524AAFC0000E46EC1 /* Restaurant_iOS.xcdatamodel */,
			);
			currentVersion = 13E2BC4524AAFC0000E46EC1 /* Restaurant_iOS.xcdatamodel */;
			path = Restaurant_iOS.xcdatamodeld;
			sourceTree = "<group>";
			versionGroupType = wrapper.xcdatamodel;
		};
/* End XCVersionGroup section */
	};
	rootObject = 13E2BC3024AAFC0000E46EC1 /* Project object */;
}
